
Microsoft Visual Studio Solution File, Format Version 12.00
# Visual Studio Version 17
VisualStudioVersion = 17.8.34330.188
MinimumVisualStudioVersion = 10.0.40219.1
Project("{FAE04EC0-301F-11D3-BF4B-00C04F79EFBC}") = "NMSCD.BaitBox", "NMSCD.BaitBox.csproj", "{CC4F6E84-8BBA-497C-8ED9-B538087B90A7}"
EndProject
Global
	GlobalSection(SolutionConfigurationPlatforms) = preSolution
		Debug|Any CPU = Debug|Any CPU
		Release|Any CPU = Release|Any CPU
	EndGlobalSection
	GlobalSection(ProjectConfigurationPlatforms) = postSolution
		{CC4F6E84-8BBA-497C-8ED9-B538087B90A7}.Debug|Any CPU.ActiveCfg = Debug|Any CPU
		{CC4F6E84-8BBA-497C-8ED9-B538087B90A7}.Debug|Any CPU.Build.0 = Debug|Any CPU
		{CC4F6E84-8BBA-497C-8ED9-B538087B90A7}.Release|Any CPU.ActiveCfg = Release|Any CPU
		{CC4F6E84-8BBA-497C-8ED9-B538087B90A7}.Release|Any CPU.Build.0 = Release|Any CPU
	EndGlobalSection
	GlobalSection(SolutionProperties) = preSolution
		HideSolutionNode = FALSE
	EndGlobalSection
	GlobalSection(ExtensibilityGlobals) = postSolution
		SolutionGuid = {C8CBB6CC-E349-46DA-8666-53C6C01447B5}
	EndGlobalSection
EndGlobal
